
Microsoft Visual Studio Solution File, Format Version 12.00
# Visual Studio Version 16
VisualStudioVersion = 16.0.30621.155
MinimumVisualStudioVersion = 10.0.40219.1
Project("{FAE04EC0-301F-11D3-BF4B-00C04F79EFBC}") = "LinkedList", "StructureDataCsharp08forNicosiored\LinkedList.csproj", "{CD9A3E24-C45D-444B-87E6-D0EDCB2498B0}"
EndProject
Project("{2150E333-8FDC-42A3-9474-1A3956D46DE8}") = "LinkedList", "LinkedList", "{F6D043FB-3557-4157-A4C3-57933CB37DF1}"
EndProject
Project("{FAE04EC0-301F-11D3-BF4B-00C04F79EFBC}") = "BurbleSort", "AlgorithmSort\BurbleSort.csproj", "{4E668EA3-F748-4858-94B4-E1D5EF052C29}"
EndProject
Project("{2150E333-8FDC-42A3-9474-1A3956D46DE8}") = "AlgorithmSort", "AlgorithmSort", "{C726FD02-25A9-444E-B01C-166C3DFDD10D}"
EndProject
Global
	GlobalSection(SolutionConfigurationPlatforms) = preSolution
		Debug|Any CPU = Debug|Any CPU
		Release|Any CPU = Release|Any CPU
	EndGlobalSection
	GlobalSection(ProjectConfigurationPlatforms) = postSolution
		{CD9A3E24-C45D-444B-87E6-D0EDCB2498B0}.Debug|Any CPU.ActiveCfg = Debug|Any CPU
		{CD9A3E24-C45D-444B-87E6-D0EDCB2498B0}.Debug|Any CPU.Build.0 = Debug|Any CPU
		{CD9A3E24-C45D-444B-87E6-D0EDCB2498B0}.Release|Any CPU.ActiveCfg = Release|Any CPU
		{CD9A3E24-C45D-444B-87E6-D0EDCB2498B0}.Release|Any CPU.Build.0 = Release|Any CPU
		{4E668EA3-F748-4858-94B4-E1D5EF052C29}.Debug|Any CPU.ActiveCfg = Debug|Any CPU
		{4E668EA3-F748-4858-94B4-E1D5EF052C29}.Debug|Any CPU.Build.0 = Debug|Any CPU
		{4E668EA3-F748-4858-94B4-E1D5EF052C29}.Release|Any CPU.ActiveCfg = Release|Any CPU
		{4E668EA3-F748-4858-94B4-E1D5EF052C29}.Release|Any CPU.Build.0 = Release|Any CPU
	EndGlobalSection
	GlobalSection(SolutionProperties) = preSolution
		HideSolutionNode = FALSE
	EndGlobalSection
	GlobalSection(NestedProjects) = preSolution
		{CD9A3E24-C45D-444B-87E6-D0EDCB2498B0} = {F6D043FB-3557-4157-A4C3-57933CB37DF1}
		{4E668EA3-F748-4858-94B4-E1D5EF052C29} = {C726FD02-25A9-444E-B01C-166C3DFDD10D}
	EndGlobalSection
	GlobalSection(ExtensibilityGlobals) = postSolution
		SolutionGuid = {42624129-529E-4D22-95E1-8C59A512D9BC}
	EndGlobalSection
EndGlobal
